
Microsoft Visual Studio Solution File, Format Version 12.00
# Visual Studio 2013
VisualStudioVersion = 12.0.21005.1
MinimumVisualStudioVersion = 10.0.40219.1
Project("{F184B08F-C81C-45F6-A57F-5ABD9991F28F}") = "SimpleCalc.VB.WinForms", "SimpleCalc.VB.WinForms\SimpleCalc.VB.WinForms.vbproj", "{2EF80868-4A3E-4E93-B207-2473EAB62976}"
EndProject
Project("{FAE04EC0-301F-11D3-BF4B-00C04F79EFBC}") = "SimpleCalc.CS.WinForms", "SimpleCalc.CS.WinForms\SimpleCalc.CS.WinForms.csproj", "{E1E44402-B818-4645-85E4-6FBB4B391DA9}"
EndProject
Project("{2150E333-8FDC-42A3-9474-1A3956D46DE8}") = "CS", "CS", "{2474DCFF-A04D-41C4-AC1A-9F67F33653C6}"
EndProject
Project("{2150E333-8FDC-42A3-9474-1A3956D46DE8}") = "VB", "VB", "{3CF7A4B4-0B55-4A4C-BD7C-8160F952DD2E}"
EndProject
Project("{FAE04EC0-301F-11D3-BF4B-00C04F79EFBC}") = "SimpleCalc.CS.PortableLibrary", "SimpleCalc.CS.PortableLibrary\SimpleCalc.CS.PortableLibrary.csproj", "{F20692EC-F237-4FBA-A530-19BE3F2DE6FF}"
EndProject
Project("{F184B08F-C81C-45F6-A57F-5ABD9991F28F}") = "SimpleCalc.VB.PortableLibrary", "SimpleCalc.VB.PortableLibrary\SimpleCalc.VB.PortableLibrary.vbproj", "{1A23F7DF-D699-413E-A0F5-7EEB11D2B076}"
EndProject
Project("{F184B08F-C81C-45F6-A57F-5ABD9991F28F}") = "SimpleCalc.VB.WPF", "SimpleCalc.VB.WPF\SimpleCalc.VB.WPF.vbproj", "{D3180CE4-CFD5-4A0E-A9B4-18F1955C6EC8}"
EndProject
Project("{FAE04EC0-301F-11D3-BF4B-00C04F79EFBC}") = "SimpleCalc.CS.WPF", "SimpleCalc.CS.WPF\SimpleCalc.CS.WPF.csproj", "{DC9BC2A0-23F6-4BD0-992D-FE9F74C69376}"
EndProject
Project("{FAE04EC0-301F-11D3-BF4B-00C04F79EFBC}") = "SimpleCalc.CS.WebForms", "SimpleCalc.CS.WebForms\SimpleCalc.CS.WebForms.csproj", "{1D1DB938-CA5D-4F2B-BD0E-B473446F99B4}"
EndProject
Project("{F184B08F-C81C-45F6-A57F-5ABD9991F28F}") = "SimpleCalc.VB.WebForms", "SimpleCalc.VB.WebForms\SimpleCalc.VB.WebForms.vbproj", "{5DD3222D-605E-43E2-BFCE-DE0AC6FB0421}"
EndProject
Project("{F184B08F-C81C-45F6-A57F-5ABD9991F28F}") = "SimpleCalc.VB.WinStore", "SimpleCalc.VB.WinStore\SimpleCalc.VB.WinStore.vbproj", "{0DE30A1B-493C-4F86-B52F-4629A6875A30}"
EndProject
Project("{F184B08F-C81C-45F6-A57F-5ABD9991F28F}") = "SimpleCalc.VB.WinPhone", "SimpleCalc.VB.WinPhone\SimpleCalc.VB.WinPhone.vbproj", "{C73CCFBB-C880-421A-AEB8-9B699BCAFEFF}"
EndProject
Project("{FAE04EC0-301F-11D3-BF4B-00C04F79EFBC}") = "SimpleCalc.CS.WinStore", "SimpleCalc.CS.WinStore\SimpleCalc.CS.WinStore.csproj", "{4F66D9B8-DDBD-45B1-BD54-8512F28568C7}"
EndProject
Project("{FAE04EC0-301F-11D3-BF4B-00C04F79EFBC}") = "SimpleCalc.CS.WinPhone", "SimpleCalc.CS.WinPhone\SimpleCalc.CS.WinPhone.csproj", "{46B808A1-68FF-49BA-8E8D-E01135D53BB3}"
EndProject
Project("{FAE04EC0-301F-11D3-BF4B-00C04F79EFBC}") = "SimpleCalc.CS.ConsoleApp", "SimpleCalc.CS.ConsoleApp\SimpleCalc.CS.ConsoleApp.csproj", "{93BC2834-731A-497B-8852-F8EB1D6E6130}"
EndProject
Project("{F184B08F-C81C-45F6-A57F-5ABD9991F28F}") = "SimpleCalc.VB.ConsoleApp", "SimpleCalc.VB.ConsoleApp\SimpleCalc.VB.ConsoleApp.vbproj", "{72587829-98FE-4EB4-8528-675A2CB74015}"
EndProject
Project("{FAE04EC0-301F-11D3-BF4B-00C04F79EFBC}") = "SimpleCalc.CS.UnitTests", "SimpleCalc.CS.UnitTests\SimpleCalc.CS.UnitTests.csproj", "{116ABFC7-D96A-44FC-85B7-E66B58D34ED4}"
EndProject
Project("{F184B08F-C81C-45F6-A57F-5ABD9991F28F}") = "SimpleCalc.VB.UnitTests", "SimpleCalc.VB.UnitTests\SimpleCalc.VB.UnitTests.vbproj", "{003B61A0-3418-497F-9324-5B08C771025D}"
EndProject
Global
	GlobalSection(SolutionConfigurationPlatforms) = preSolution
		Debug|Any CPU = Debug|Any CPU
		Debug|ARM = Debug|ARM
		Debug|x64 = Debug|x64
		Debug|x86 = Debug|x86
		Release|Any CPU = Release|Any CPU
		Release|ARM = Release|ARM
		Release|x64 = Release|x64
		Release|x86 = Release|x86
	EndGlobalSection
	GlobalSection(ProjectConfigurationPlatforms) = postSolution
		{2EF80868-4A3E-4E93-B207-2473EAB62976}.Debug|Any CPU.ActiveCfg = Debug|Any CPU
		{2EF80868-4A3E-4E93-B207-2473EAB62976}.Debug|Any CPU.Build.0 = Debug|Any CPU
		{2EF80868-4A3E-4E93-B207-2473EAB62976}.Debug|ARM.ActiveCfg = Debug|Any CPU
		{2EF80868-4A3E-4E93-B207-2473EAB62976}.Debug|x64.ActiveCfg = Debug|Any CPU
		{2EF80868-4A3E-4E93-B207-2473EAB62976}.Debug|x86.ActiveCfg = Debug|Any CPU
		{2EF80868-4A3E-4E93-B207-2473EAB62976}.Release|Any CPU.ActiveCfg = Release|Any CPU
		{2EF80868-4A3E-4E93-B207-2473EAB62976}.Release|Any CPU.Build.0 = Release|Any CPU
		{2EF80868-4A3E-4E93-B207-2473EAB62976}.Release|ARM.ActiveCfg = Release|Any CPU
		{2EF80868-4A3E-4E93-B207-2473EAB62976}.Release|x64.ActiveCfg = Release|Any CPU
		{2EF80868-4A3E-4E93-B207-2473EAB62976}.Release|x86.ActiveCfg = Release|Any CPU
		{E1E44402-B818-4645-85E4-6FBB4B391DA9}.Debug|Any CPU.ActiveCfg = Debug|Any CPU
		{E1E44402-B818-4645-85E4-6FBB4B391DA9}.Debug|Any CPU.Build.0 = Debug|Any CPU
		{E1E44402-B818-4645-85E4-6FBB4B391DA9}.Debug|ARM.ActiveCfg = Debug|Any CPU
		{E1E44402-B818-4645-85E4-6FBB4B391DA9}.Debug|x64.ActiveCfg = Debug|Any CPU
		{E1E44402-B818-4645-85E4-6FBB4B391DA9}.Debug|x86.ActiveCfg = Debug|Any CPU
		{E1E44402-B818-4645-85E4-6FBB4B391DA9}.Release|Any CPU.ActiveCfg = Release|Any CPU
		{E1E44402-B818-4645-85E4-6FBB4B391DA9}.Release|Any CPU.Build.0 = Release|Any CPU
		{E1E44402-B818-4645-85E4-6FBB4B391DA9}.Release|ARM.ActiveCfg = Release|Any CPU
		{E1E44402-B818-4645-85E4-6FBB4B391DA9}.Release|x64.ActiveCfg = Release|Any CPU
		{E1E44402-B818-4645-85E4-6FBB4B391DA9}.Release|x86.ActiveCfg = Release|Any CPU
		{F20692EC-F237-4FBA-A530-19BE3F2DE6FF}.Debug|Any CPU.ActiveCfg = Debug|Any CPU
		{F20692EC-F237-4FBA-A530-19BE3F2DE6FF}.Debug|Any CPU.Build.0 = Debug|Any CPU
		{F20692EC-F237-4FBA-A530-19BE3F2DE6FF}.Debug|ARM.ActiveCfg = Debug|Any CPU
		{F20692EC-F237-4FBA-A530-19BE3F2DE6FF}.Debug|x64.ActiveCfg = Debug|Any CPU
		{F20692EC-F237-4FBA-A530-19BE3F2DE6FF}.Debug|x86.ActiveCfg = Debug|Any CPU
		{F20692EC-F237-4FBA-A530-19BE3F2DE6FF}.Release|Any CPU.ActiveCfg = Release|Any CPU
		{F20692EC-F237-4FBA-A530-19BE3F2DE6FF}.Release|Any CPU.Build.0 = Release|Any CPU
		{F20692EC-F237-4FBA-A530-19BE3F2DE6FF}.Release|ARM.ActiveCfg = Release|Any CPU
		{F20692EC-F237-4FBA-A530-19BE3F2DE6FF}.Release|x64.ActiveCfg = Release|Any CPU
		{F20692EC-F237-4FBA-A530-19BE3F2DE6FF}.Release|x86.ActiveCfg = Release|Any CPU
		{1A23F7DF-D699-413E-A0F5-7EEB11D2B076}.Debug|Any CPU.ActiveCfg = Debug|Any CPU
		{1A23F7DF-D699-413E-A0F5-7EEB11D2B076}.Debug|Any CPU.Build.0 = Debug|Any CPU
		{1A23F7DF-D699-413E-A0F5-7EEB11D2B076}.Debug|ARM.ActiveCfg = Debug|Any CPU
		{1A23F7DF-D699-413E-A0F5-7EEB11D2B076}.Debug|x64.ActiveCfg = Debug|Any CPU
		{1A23F7DF-D699-413E-A0F5-7EEB11D2B076}.Debug|x86.ActiveCfg = Debug|Any CPU
		{1A23F7DF-D699-413E-A0F5-7EEB11D2B076}.Release|Any CPU.ActiveCfg = Release|Any CPU
		{1A23F7DF-D699-413E-A0F5-7EEB11D2B076}.Release|Any CPU.Build.0 = Release|Any CPU
		{1A23F7DF-D699-413E-A0F5-7EEB11D2B076}.Release|ARM.ActiveCfg = Release|Any CPU
		{1A23F7DF-D699-413E-A0F5-7EEB11D2B076}.Release|x64.ActiveCfg = Release|Any CPU
		{1A23F7DF-D699-413E-A0F5-7EEB11D2B076}.Release|x86.ActiveCfg = Release|Any CPU
		{D3180CE4-CFD5-4A0E-A9B4-18F1955C6EC8}.Debug|Any CPU.ActiveCfg = Debug|Any CPU
		{D3180CE4-CFD5-4A0E-A9B4-18F1955C6EC8}.Debug|Any CPU.Build.0 = Debug|Any CPU
		{D3180CE4-CFD5-4A0E-A9B4-18F1955C6EC8}.Debug|ARM.ActiveCfg = Debug|Any CPU
		{D3180CE4-CFD5-4A0E-A9B4-18F1955C6EC8}.Debug|x64.ActiveCfg = Debug|Any CPU
		{D3180CE4-CFD5-4A0E-A9B4-18F1955C6EC8}.Debug|x86.ActiveCfg = Debug|Any CPU
		{D3180CE4-CFD5-4A0E-A9B4-18F1955C6EC8}.Release|Any CPU.ActiveCfg = Release|Any CPU
		{D3180CE4-CFD5-4A0E-A9B4-18F1955C6EC8}.Release|Any CPU.Build.0 = Release|Any CPU
		{D3180CE4-CFD5-4A0E-A9B4-18F1955C6EC8}.Release|ARM.ActiveCfg = Release|Any CPU
		{D3180CE4-CFD5-4A0E-A9B4-18F1955C6EC8}.Release|x64.ActiveCfg = Release|Any CPU
		{D3180CE4-CFD5-4A0E-A9B4-18F1955C6EC8}.Release|x86.ActiveCfg = Release|Any CPU
		{DC9BC2A0-23F6-4BD0-992D-FE9F74C69376}.Debug|Any CPU.ActiveCfg = Debug|Any CPU
		{DC9BC2A0-23F6-4BD0-992D-FE9F74C69376}.Debug|Any CPU.Build.0 = Debug|Any CPU
		{DC9BC2A0-23F6-4BD0-992D-FE9F74C69376}.Debug|ARM.ActiveCfg = Debug|Any CPU
		{DC9BC2A0-23F6-4BD0-992D-FE9F74C69376}.Debug|x64.ActiveCfg = Debug|Any CPU
		{DC9BC2A0-23F6-4BD0-992D-FE9F74C69376}.Debug|x86.ActiveCfg = Debug|Any CPU
		{DC9BC2A0-23F6-4BD0-992D-FE9F74C69376}.Release|Any CPU.ActiveCfg = Release|Any CPU
		{DC9BC2A0-23F6-4BD0-992D-FE9F74C69376}.Release|Any CPU.Build.0 = Release|Any CPU
		{DC9BC2A0-23F6-4BD0-992D-FE9F74C69376}.Release|ARM.ActiveCfg = Release|Any CPU
		{DC9BC2A0-23F6-4BD0-992D-FE9F74C69376}.Release|x64.ActiveCfg = Release|Any CPU
		{DC9BC2A0-23F6-4BD0-992D-FE9F74C69376}.Release|x86.ActiveCfg = Release|Any CPU
		{1D1DB938-CA5D-4F2B-BD0E-B473446F99B4}.Debug|Any CPU.ActiveCfg = Debug|Any CPU
		{1D1DB938-CA5D-4F2B-BD0E-B473446F99B4}.Debug|Any CPU.Build.0 = Debug|Any CPU
		{1D1DB938-CA5D-4F2B-BD0E-B473446F99B4}.Debug|ARM.ActiveCfg = Debug|Any CPU
		{1D1DB938-CA5D-4F2B-BD0E-B473446F99B4}.Debug|x64.ActiveCfg = Debug|Any CPU
		{1D1DB938-CA5D-4F2B-BD0E-B473446F99B4}.Debug|x86.ActiveCfg = Debug|Any CPU
		{1D1DB938-CA5D-4F2B-BD0E-B473446F99B4}.Release|Any CPU.ActiveCfg = Release|Any CPU
		{1D1DB938-CA5D-4F2B-BD0E-B473446F99B4}.Release|Any CPU.Build.0 = Release|Any CPU
		{1D1DB938-CA5D-4F2B-BD0E-B473446F99B4}.Release|ARM.ActiveCfg = Release|Any CPU
		{1D1DB938-CA5D-4F2B-BD0E-B473446F99B4}.Release|x64.ActiveCfg = Release|Any CPU
		{1D1DB938-CA5D-4F2B-BD0E-B473446F99B4}.Release|x86.ActiveCfg = Release|Any CPU
		{5DD3222D-605E-43E2-BFCE-DE0AC6FB0421}.Debug|Any CPU.ActiveCfg = Debug|Any CPU
		{5DD3222D-605E-43E2-BFCE-DE0AC6FB0421}.Debug|Any CPU.Build.0 = Debug|Any CPU
		{5DD3222D-605E-43E2-BFCE-DE0AC6FB0421}.Debug|ARM.ActiveCfg = Debug|Any CPU
		{5DD3222D-605E-43E2-BFCE-DE0AC6FB0421}.Debug|x64.ActiveCfg = Debug|Any CPU
		{5DD3222D-605E-43E2-BFCE-DE0AC6FB0421}.Debug|x86.ActiveCfg = Debug|Any CPU
		{5DD3222D-605E-43E2-BFCE-DE0AC6FB0421}.Release|Any CPU.ActiveCfg = Release|Any CPU
		{5DD3222D-605E-43E2-BFCE-DE0AC6FB0421}.Release|Any CPU.Build.0 = Release|Any CPU
		{5DD3222D-605E-43E2-BFCE-DE0AC6FB0421}.Release|ARM.ActiveCfg = Release|Any CPU
		{5DD3222D-605E-43E2-BFCE-DE0AC6FB0421}.Release|x64.ActiveCfg = Release|Any CPU
		{5DD3222D-605E-43E2-BFCE-DE0AC6FB0421}.Release|x86.ActiveCfg = Release|Any CPU
		{0DE30A1B-493C-4F86-B52F-4629A6875A30}.Debug|Any CPU.ActiveCfg = Debug|Any CPU
		{0DE30A1B-493C-4F86-B52F-4629A6875A30}.Debug|Any CPU.Build.0 = Debug|Any CPU
		{0DE30A1B-493C-4F86-B52F-4629A6875A30}.Debug|Any CPU.Deploy.0 = Debug|Any CPU
		{0DE30A1B-493C-4F86-B52F-4629A6875A30}.Debug|ARM.ActiveCfg = Debug|ARM
		{0DE30A1B-493C-4F86-B52F-4629A6875A30}.Debug|ARM.Build.0 = Debug|ARM
		{0DE30A1B-493C-4F86-B52F-4629A6875A30}.Debug|ARM.Deploy.0 = Debug|ARM
		{0DE30A1B-493C-4F86-B52F-4629A6875A30}.Debug|x64.ActiveCfg = Debug|x64
		{0DE30A1B-493C-4F86-B52F-4629A6875A30}.Debug|x64.Build.0 = Debug|x64
		{0DE30A1B-493C-4F86-B52F-4629A6875A30}.Debug|x64.Deploy.0 = Debug|x64
		{0DE30A1B-493C-4F86-B52F-4629A6875A30}.Debug|x86.ActiveCfg = Debug|x86
		{0DE30A1B-493C-4F86-B52F-4629A6875A30}.Debug|x86.Build.0 = Debug|x86
		{0DE30A1B-493C-4F86-B52F-4629A6875A30}.Debug|x86.Deploy.0 = Debug|x86
		{0DE30A1B-493C-4F86-B52F-4629A6875A30}.Release|Any CPU.ActiveCfg = Release|Any CPU
		{0DE30A1B-493C-4F86-B52F-4629A6875A30}.Release|Any CPU.Build.0 = Release|Any CPU
		{0DE30A1B-493C-4F86-B52F-4629A6875A30}.Release|Any CPU.Deploy.0 = Release|Any CPU
		{0DE30A1B-493C-4F86-B52F-4629A6875A30}.Release|ARM.ActiveCfg = Release|ARM
		{0DE30A1B-493C-4F86-B52F-4629A6875A30}.Release|ARM.Build.0 = Release|ARM
		{0DE30A1B-493C-4F86-B52F-4629A6875A30}.Release|ARM.Deploy.0 = Release|ARM
		{0DE30A1B-493C-4F86-B52F-4629A6875A30}.Release|x64.ActiveCfg = Release|x64
		{0DE30A1B-493C-4F86-B52F-4629A6875A30}.Release|x64.Build.0 = Release|x64
		{0DE30A1B-493C-4F86-B52F-4629A6875A30}.Release|x64.Deploy.0 = Release|x64
		{0DE30A1B-493C-4F86-B52F-4629A6875A30}.Release|x86.ActiveCfg = Release|x86
		{0DE30A1B-493C-4F86-B52F-4629A6875A30}.Release|x86.Build.0 = Release|x86
		{0DE30A1B-493C-4F86-B52F-4629A6875A30}.Release|x86.Deploy.0 = Release|x86
		{C73CCFBB-C880-421A-AEB8-9B699BCAFEFF}.Debug|Any CPU.ActiveCfg = Debug|Any CPU
		{C73CCFBB-C880-421A-AEB8-9B699BCAFEFF}.Debug|Any CPU.Build.0 = Debug|Any CPU
		{C73CCFBB-C880-421A-AEB8-9B699BCAFEFF}.Debug|Any CPU.Deploy.0 = Debug|Any CPU
		{C73CCFBB-C880-421A-AEB8-9B699BCAFEFF}.Debug|ARM.ActiveCfg = Debug|ARM
		{C73CCFBB-C880-421A-AEB8-9B699BCAFEFF}.Debug|ARM.Build.0 = Debug|ARM
		{C73CCFBB-C880-421A-AEB8-9B699BCAFEFF}.Debug|ARM.Deploy.0 = Debug|ARM
		{C73CCFBB-C880-421A-AEB8-9B699BCAFEFF}.Debug|x64.ActiveCfg = Debug|Any CPU
		{C73CCFBB-C880-421A-AEB8-9B699BCAFEFF}.Debug|x86.ActiveCfg = Debug|x86
		{C73CCFBB-C880-421A-AEB8-9B699BCAFEFF}.Debug|x86.Build.0 = Debug|x86
		{C73CCFBB-C880-421A-AEB8-9B699BCAFEFF}.Debug|x86.Deploy.0 = Debug|x86
		{C73CCFBB-C880-421A-AEB8-9B699BCAFEFF}.Release|Any CPU.ActiveCfg = Release|Any CPU
		{C73CCFBB-C880-421A-AEB8-9B699BCAFEFF}.Release|Any CPU.Build.0 = Release|Any CPU
		{C73CCFBB-C880-421A-AEB8-9B699BCAFEFF}.Release|Any CPU.Deploy.0 = Release|Any CPU
		{C73CCFBB-C880-421A-AEB8-9B699BCAFEFF}.Release|ARM.ActiveCfg = Release|ARM
		{C73CCFBB-C880-421A-AEB8-9B699BCAFEFF}.Release|ARM.Build.0 = Release|ARM
		{C73CCFBB-C880-421A-AEB8-9B699BCAFEFF}.Release|ARM.Deploy.0 = Release|ARM
		{C73CCFBB-C880-421A-AEB8-9B699BCAFEFF}.Release|x64.ActiveCfg = Release|Any CPU
		{C73CCFBB-C880-421A-AEB8-9B699BCAFEFF}.Release|x86.ActiveCfg = Release|x86
		{C73CCFBB-C880-421A-AEB8-9B699BCAFEFF}.Release|x86.Build.0 = Release|x86
		{C73CCFBB-C880-421A-AEB8-9B699BCAFEFF}.Release|x86.Deploy.0 = Release|x86
		{4F66D9B8-DDBD-45B1-BD54-8512F28568C7}.Debug|Any CPU.ActiveCfg = Debug|Any CPU
		{4F66D9B8-DDBD-45B1-BD54-8512F28568C7}.Debug|Any CPU.Build.0 = Debug|Any CPU
		{4F66D9B8-DDBD-45B1-BD54-8512F28568C7}.Debug|Any CPU.Deploy.0 = Debug|Any CPU
		{4F66D9B8-DDBD-45B1-BD54-8512F28568C7}.Debug|ARM.ActiveCfg = Debug|ARM
		{4F66D9B8-DDBD-45B1-BD54-8512F28568C7}.Debug|ARM.Build.0 = Debug|ARM
		{4F66D9B8-DDBD-45B1-BD54-8512F28568C7}.Debug|ARM.Deploy.0 = Debug|ARM
		{4F66D9B8-DDBD-45B1-BD54-8512F28568C7}.Debug|x64.ActiveCfg = Debug|x64
		{4F66D9B8-DDBD-45B1-BD54-8512F28568C7}.Debug|x64.Build.0 = Debug|x64
		{4F66D9B8-DDBD-45B1-BD54-8512F28568C7}.Debug|x64.Deploy.0 = Debug|x64
		{4F66D9B8-DDBD-45B1-BD54-8512F28568C7}.Debug|x86.ActiveCfg = Debug|x86
		{4F66D9B8-DDBD-45B1-BD54-8512F28568C7}.Debug|x86.Build.0 = Debug|x86
		{4F66D9B8-DDBD-45B1-BD54-8512F28568C7}.Debug|x86.Deploy.0 = Debug|x86
		{4F66D9B8-DDBD-45B1-BD54-8512F28568C7}.Release|Any CPU.ActiveCfg = Release|Any CPU
		{4F66D9B8-DDBD-45B1-BD54-8512F28568C7}.Release|Any CPU.Build.0 = Release|Any CPU
		{4F66D9B8-DDBD-45B1-BD54-8512F28568C7}.Release|Any CPU.Deploy.0 = Release|Any CPU
		{4F66D9B8-DDBD-45B1-BD54-8512F28568C7}.Release|ARM.ActiveCfg = Release|ARM
		{4F66D9B8-DDBD-45B1-BD54-8512F28568C7}.Release|ARM.Build.0 = Release|ARM
		{4F66D9B8-DDBD-45B1-BD54-8512F28568C7}.Release|ARM.Deploy.0 = Release|ARM
		{4F66D9B8-DDBD-45B1-BD54-8512F28568C7}.Release|x64.ActiveCfg = Release|x64
		{4F66D9B8-DDBD-45B1-BD54-8512F28568C7}.Release|x64.Build.0 = Release|x64
		{4F66D9B8-DDBD-45B1-BD54-8512F28568C7}.Release|x64.Deploy.0 = Release|x64
		{4F66D9B8-DDBD-45B1-BD54-8512F28568C7}.Release|x86.ActiveCfg = Release|x86
		{4F66D9B8-DDBD-45B1-BD54-8512F28568C7}.Release|x86.Build.0 = Release|x86
		{4F66D9B8-DDBD-45B1-BD54-8512F28568C7}.Release|x86.Deploy.0 = Release|x86
		{46B808A1-68FF-49BA-8E8D-E01135D53BB3}.Debug|Any CPU.ActiveCfg = Debug|Any CPU
		{46B808A1-68FF-49BA-8E8D-E01135D53BB3}.Debug|Any CPU.Build.0 = Debug|Any CPU
		{46B808A1-68FF-49BA-8E8D-E01135D53BB3}.Debug|Any CPU.Deploy.0 = Debug|Any CPU
		{46B808A1-68FF-49BA-8E8D-E01135D53BB3}.Debug|ARM.ActiveCfg = Debug|ARM
		{46B808A1-68FF-49BA-8E8D-E01135D53BB3}.Debug|ARM.Build.0 = Debug|ARM
		{46B808A1-68FF-49BA-8E8D-E01135D53BB3}.Debug|ARM.Deploy.0 = Debug|ARM
		{46B808A1-68FF-49BA-8E8D-E01135D53BB3}.Debug|x64.ActiveCfg = Debug|Any CPU
		{46B808A1-68FF-49BA-8E8D-E01135D53BB3}.Debug|x86.ActiveCfg = Debug|x86
		{46B808A1-68FF-49BA-8E8D-E01135D53BB3}.Debug|x86.Build.0 = Debug|x86
		{46B808A1-68FF-49BA-8E8D-E01135D53BB3}.Debug|x86.Deploy.0 = Debug|x86
		{46B808A1-68FF-49BA-8E8D-E01135D53BB3}.Release|Any CPU.ActiveCfg = Release|Any CPU
		{46B808A1-68FF-49BA-8E8D-E01135D53BB3}.Release|Any CPU.Build.0 = Release|Any CPU
		{46B808A1-68FF-49BA-8E8D-E01135D53BB3}.Release|Any CPU.Deploy.0 = Release|Any CPU
		{46B808A1-68FF-49BA-8E8D-E01135D53BB3}.Release|ARM.ActiveCfg = Release|ARM
		{46B808A1-68FF-49BA-8E8D-E01135D53BB3}.Release|ARM.Build.0 = Release|ARM
		{46B808A1-68FF-49BA-8E8D-E01135D53BB3}.Release|ARM.Deploy.0 = Release|ARM
		{46B808A1-68FF-49BA-8E8D-E01135D53BB3}.Release|x64.ActiveCfg = Release|Any CPU
		{46B808A1-68FF-49BA-8E8D-E01135D53BB3}.Release|x86.ActiveCfg = Release|x86
		{46B808A1-68FF-49BA-8E8D-E01135D53BB3}.Release|x86.Build.0 = Release|x86
		{46B808A1-68FF-49BA-8E8D-E01135D53BB3}.Release|x86.Deploy.0 = Release|x86
		{93BC2834-731A-497B-8852-F8EB1D6E6130}.Debug|Any CPU.ActiveCfg = Debug|Any CPU
		{93BC2834-731A-497B-8852-F8EB1D6E6130}.Debug|Any CPU.Build.0 = Debug|Any CPU
		{93BC2834-731A-497B-8852-F8EB1D6E6130}.Debug|ARM.ActiveCfg = Debug|Any CPU
		{93BC2834-731A-497B-8852-F8EB1D6E6130}.Debug|x64.ActiveCfg = Debug|Any CPU
		{93BC2834-731A-497B-8852-F8EB1D6E6130}.Debug|x86.ActiveCfg = Debug|Any CPU
		{93BC2834-731A-497B-8852-F8EB1D6E6130}.Release|Any CPU.ActiveCfg = Release|Any CPU
		{93BC2834-731A-497B-8852-F8EB1D6E6130}.Release|Any CPU.Build.0 = Release|Any CPU
		{93BC2834-731A-497B-8852-F8EB1D6E6130}.Release|ARM.ActiveCfg = Release|Any CPU
		{93BC2834-731A-497B-8852-F8EB1D6E6130}.Release|x64.ActiveCfg = Release|Any CPU
		{93BC2834-731A-497B-8852-F8EB1D6E6130}.Release|x86.ActiveCfg = Release|Any CPU
		{72587829-98FE-4EB4-8528-675A2CB74015}.Debug|Any CPU.ActiveCfg = Debug|Any CPU
		{72587829-98FE-4EB4-8528-675A2CB74015}.Debug|Any CPU.Build.0 = Debug|Any CPU
		{72587829-98FE-4EB4-8528-675A2CB74015}.Debug|ARM.ActiveCfg = Debug|Any CPU
		{72587829-98FE-4EB4-8528-675A2CB74015}.Debug|x64.ActiveCfg = Debug|Any CPU
		{72587829-98FE-4EB4-8528-675A2CB74015}.Debug|x86.ActiveCfg = Debug|Any CPU
		{72587829-98FE-4EB4-8528-675A2CB74015}.Release|Any CPU.ActiveCfg = Release|Any CPU
		{72587829-98FE-4EB4-8528-675A2CB74015}.Release|Any CPU.Build.0 = Release|Any CPU
		{72587829-98FE-4EB4-8528-675A2CB74015}.Release|ARM.ActiveCfg = Release|Any CPU
		{72587829-98FE-4EB4-8528-675A2CB74015}.Release|x64.ActiveCfg = Release|Any CPU
		{72587829-98FE-4EB4-8528-675A2CB74015}.Release|x86.ActiveCfg = Release|Any CPU
		{116ABFC7-D96A-44FC-85B7-E66B58D34ED4}.Debug|Any CPU.ActiveCfg = Debug|Any CPU
		{116ABFC7-D96A-44FC-85B7-E66B58D34ED4}.Debug|Any CPU.Build.0 = Debug|Any CPU
		{116ABFC7-D96A-44FC-85B7-E66B58D34ED4}.Debug|ARM.ActiveCfg = Debug|Any CPU
		{116ABFC7-D96A-44FC-85B7-E66B58D34ED4}.Debug|x64.ActiveCfg = Debug|Any CPU
		{116ABFC7-D96A-44FC-85B7-E66B58D34ED4}.Debug|x86.ActiveCfg = Debug|Any CPU
		{116ABFC7-D96A-44FC-85B7-E66B58D34ED4}.Release|Any CPU.ActiveCfg = Release|Any CPU
		{116ABFC7-D96A-44FC-85B7-E66B58D34ED4}.Release|Any CPU.Build.0 = Release|Any CPU
		{116ABFC7-D96A-44FC-85B7-E66B58D34ED4}.Release|ARM.ActiveCfg = Release|Any CPU
		{116ABFC7-D96A-44FC-85B7-E66B58D34ED4}.Release|x64.ActiveCfg = Release|Any CPU
		{116ABFC7-D96A-44FC-85B7-E66B58D34ED4}.Release|x86.ActiveCfg = Release|Any CPU
		{003B61A0-3418-497F-9324-5B08C771025D}.Debug|Any CPU.ActiveCfg = Debug|Any CPU
		{003B61A0-3418-497F-9324-5B08C771025D}.Debug|Any CPU.Build.0 = Debug|Any CPU
		{003B61A0-3418-497F-9324-5B08C771025D}.Debug|ARM.ActiveCfg = Debug|Any CPU
		{003B61A0-3418-497F-9324-5B08C771025D}.Debug|x64.ActiveCfg = Debug|Any CPU
		{003B61A0-3418-497F-9324-5B08C771025D}.Debug|x86.ActiveCfg = Debug|Any CPU
		{003B61A0-3418-497F-9324-5B08C771025D}.Release|Any CPU.ActiveCfg = Release|Any CPU
		{003B61A0-3418-497F-9324-5B08C771025D}.Release|Any CPU.Build.0 = Release|Any CPU
		{003B61A0-3418-497F-9324-5B08C771025D}.Release|ARM.ActiveCfg = Release|Any CPU
		{003B61A0-3418-497F-9324-5B08C771025D}.Release|x64.ActiveCfg = Release|Any CPU
		{003B61A0-3418-497F-9324-5B08C771025D}.Release|x86.ActiveCfg = Release|Any CPU
	EndGlobalSection
	GlobalSection(SolutionProperties) = preSolution
		HideSolutionNode = FALSE
	EndGlobalSection
	GlobalSection(NestedProjects) = preSolution
		{E1E44402-B818-4645-85E4-6FBB4B391DA9} = {2474DCFF-A04D-41C4-AC1A-9F67F33653C6}
		{F20692EC-F237-4FBA-A530-19BE3F2DE6FF} = {2474DCFF-A04D-41C4-AC1A-9F67F33653C6}
		{DC9BC2A0-23F6-4BD0-992D-FE9F74C69376} = {2474DCFF-A04D-41C4-AC1A-9F67F33653C6}
		{1D1DB938-CA5D-4F2B-BD0E-B473446F99B4} = {2474DCFF-A04D-41C4-AC1A-9F67F33653C6}
		{4F66D9B8-DDBD-45B1-BD54-8512F28568C7} = {2474DCFF-A04D-41C4-AC1A-9F67F33653C6}
		{46B808A1-68FF-49BA-8E8D-E01135D53BB3} = {2474DCFF-A04D-41C4-AC1A-9F67F33653C6}
		{93BC2834-731A-497B-8852-F8EB1D6E6130} = {2474DCFF-A04D-41C4-AC1A-9F67F33653C6}
		{116ABFC7-D96A-44FC-85B7-E66B58D34ED4} = {2474DCFF-A04D-41C4-AC1A-9F67F33653C6}
		{2EF80868-4A3E-4E93-B207-2473EAB62976} = {3CF7A4B4-0B55-4A4C-BD7C-8160F952DD2E}
		{1A23F7DF-D699-413E-A0F5-7EEB11D2B076} = {3CF7A4B4-0B55-4A4C-BD7C-8160F952DD2E}
		{D3180CE4-CFD5-4A0E-A9B4-18F1955C6EC8} = {3CF7A4B4-0B55-4A4C-BD7C-8160F952DD2E}
		{5DD3222D-605E-43E2-BFCE-DE0AC6FB0421} = {3CF7A4B4-0B55-4A4C-BD7C-8160F952DD2E}
		{0DE30A1B-493C-4F86-B52F-4629A6875A30} = {3CF7A4B4-0B55-4A4C-BD7C-8160F952DD2E}
		{C73CCFBB-C880-421A-AEB8-9B699BCAFEFF} = {3CF7A4B4-0B55-4A4C-BD7C-8160F952DD2E}
		{72587829-98FE-4EB4-8528-675A2CB74015} = {3CF7A4B4-0B55-4A4C-BD7C-8160F952DD2E}
		{003B61A0-3418-497F-9324-5B08C771025D} = {3CF7A4B4-0B55-4A4C-BD7C-8160F952DD2E}
	EndGlobalSection
EndGlobal
